// !$*UTF8*$!
{
	archiveVersion = 1;
	classes = {
	};
	objectVersion = 50;
	objects = {

/* Begin PBXBuildFile section */
		840704892336E4E900961B1E /* SceneDelegate.swift in Sources */ = {isa = PBXBuildFile; fileRef = 840704882336E4E900961B1E /* SceneDelegate.swift */; };
		84C10B142336994E00146547 /* AppDelegate.swift in Sources */ = {isa = PBXBuildFile; fileRef = 84C10B132336994E00146547 /* AppDelegate.swift */; };
		84C10B182336994E00146547 /* ViewController.swift in Sources */ = {isa = PBXBuildFile; fileRef = 84C10B172336994E00146547 /* ViewController.swift */; };
		84C10B1B2336994E00146547 /* Main.storyboard in Resources */ = {isa = PBXBuildFile; fileRef = 84C10B192336994E00146547 /* Main.storyboard */; };
		84C10B1D2336995000146547 /* Assets.xcassets in Resources */ = {isa = PBXBuildFile; fileRef = 84C10B1C2336995000146547 /* Assets.xcassets */; };
		84C10B202336995000146547 /* LaunchScreen.storyboard in Resources */ = {isa = PBXBuildFile; fileRef = 84C10B1E2336995000146547 /* LaunchScreen.storyboard */; };
		84C10B2823369FB300146547 /* NavViewController.swift in Sources */ = {isa = PBXBuildFile; fileRef = 84C10B2723369FB300146547 /* NavViewController.swift */; };
		84C10B2A23369FD100146547 /* TableViewController.swift in Sources */ = {isa = PBXBuildFile; fileRef = 84C10B2923369FD100146547 /* TableViewController.swift */; };
		84C10B2C23369FEB00146547 /* VideoTableViewCell.swift in Sources */ = {isa = PBXBuildFile; fileRef = 84C10B2B23369FEB00146547 /* VideoTableViewCell.swift */; };
		84C10B2E2336A0F700146547 /* Video.swift in Sources */ = {isa = PBXBuildFile; fileRef = 84C10B2D2336A0F700146547 /* Video.swift */; };
		84C10B422336A10000146547 /* doubleChopKneePulls-clip.mp4 in Resources */ = {isa = PBXBuildFile; fileRef = 84C10B312336A10000146547 /* doubleChopKneePulls-clip.mp4 */; };
		84C10B432336A10000146547 /* alternatingLunges-clip.mp4 in Resources */ = {isa = PBXBuildFile; fileRef = 84C10B322336A10000146547 /* alternatingLunges-clip.mp4 */; };
		84C10B442336A10000146547 /* armCircles-clip.mp4 in Resources */ = {isa = PBXBuildFile; fileRef = 84C10B332336A10000146547 /* armCircles-clip.mp4 */; };
		84C10B452336A10000146547 /* InnerTightLift-clip.mp4 in Resources */ = {isa = PBXBuildFile; fileRef = 84C10B342336A10000146547 /* InnerTightLift-clip.mp4 */; };
		84C10B462336A10000146547 /* stepsAndPulls-clip.mp4 in Resources */ = {isa = PBXBuildFile; fileRef = 84C10B352336A10000146547 /* stepsAndPulls-clip.mp4 */; };
		84C10B472336A10000146547 /* alternatingLunges.mp4 in Resources */ = {isa = PBXBuildFile; fileRef = 84C10B372336A10000146547 /* alternatingLunges.mp4 */; };
		84C10B482336A10000146547 /* InnerTightLift.mp4 in Resources */ = {isa = PBXBuildFile; fileRef = 84C10B382336A10000146547 /* InnerTightLift.mp4 */; };
		84C10B492336A10000146547 /* stepsAndPulls.mp4 in Resources */ = {isa = PBXBuildFile; fileRef = 84C10B392336A10000146547 /* stepsAndPulls.mp4 */; };
		84C10B4A2336A10000146547 /* doubleChopKneePulls.mp4 in Resources */ = {isa = PBXBuildFile; fileRef = 84C10B3A2336A10000146547 /* doubleChopKneePulls.mp4 */; };
		84C10B4B2336A10000146547 /* armCircles.mp4 in Resources */ = {isa = PBXBuildFile; fileRef = 84C10B3B2336A10000146547 /* armCircles.mp4 */; };
		84C10B4C2336A10000146547 /* armCircles.png in Resources */ = {isa = PBXBuildFile; fileRef = 84C10B3D2336A10000146547 /* armCircles.png */; };
		84C10B4D2336A10000146547 /* doubleChopKneePulls.png in Resources */ = {isa = PBXBuildFile; fileRef = 84C10B3E2336A10000146547 /* doubleChopKneePulls.png */; };
		84C10B4E2336A10000146547 /* InnerTightLift.png in Resources */ = {isa = PBXBuildFile; fileRef = 84C10B3F2336A10000146547 /* InnerTightLift.png */; };
		84C10B4F2336A10000146547 /* alternatingLunges.png in Resources */ = {isa = PBXBuildFile; fileRef = 84C10B402336A10000146547 /* alternatingLunges.png */; };
		84C10B502336A10000146547 /* stepsAndPulls.png in Resources */ = {isa = PBXBuildFile; fileRef = 84C10B412336A10000146547 /* stepsAndPulls.png */; };
/* End PBXBuildFile section */

/* Begin PBXFileReference section */
		840704882336E4E900961B1E /* SceneDelegate.swift */ = {isa = PBXFileReference; fileEncoding = 4; lastKnownFileType = sourcecode.swift; path = SceneDelegate.swift; sourceTree = "<group>"; };
		84C10B102336994E00146547 /* workoutapp.app */ = {isa = PBXFileReference; explicitFileType = wrapper.application; includeInIndex = 0; path = workoutapp.app; sourceTree = BUILT_PRODUCTS_DIR; };
		84C10B132336994E00146547 /* AppDelegate.swift */ = {isa = PBXFileReference; lastKnownFileType = sourcecode.swift; path = AppDelegate.swift; sourceTree = "<group>"; };
		84C10B172336994E00146547 /* ViewController.swift */ = {isa = PBXFileReference; lastKnownFileType = sourcecode.swift; path = ViewController.swift; sourceTree = "<group>"; };
		84C10B1A2336994E00146547 /* Base */ = {isa = PBXFileReference; lastKnownFileType = file.storyboard; name = Base; path = Base.lproj/Main.storyboard; sourceTree = "<group>"; };
		84C10B1C2336995000146547 /* Assets.xcassets */ = {isa = PBXFileReference; lastKnownFileType = folder.assetcatalog; path = Assets.xcassets; sourceTree = "<group>"; };
		84C10B1F2336995000146547 /* Base */ = {isa = PBXFileReference; lastKnownFileType = file.storyboard; name = Base; path = Base.lproj/LaunchScreen.storyboard; sourceTree = "<group>"; };
		84C10B212336995000146547 /* Info.plist */ = {isa = PBXFileReference; lastKnownFileType = text.plist.xml; path = Info.plist; sourceTree = "<group>"; };
		84C10B2723369FB300146547 /* NavViewController.swift */ = {isa = PBXFileReference; lastKnownFileType = sourcecode.swift; path = NavViewController.swift; sourceTree = "<group>"; };
		84C10B2923369FD100146547 /* TableViewController.swift */ = {isa = PBXFileReference; lastKnownFileType = sourcecode.swift; path = TableViewController.swift; sourceTree = "<group>"; };
		84C10B2B23369FEB00146547 /* VideoTableViewCell.swift */ = {isa = PBXFileReference; lastKnownFileType = sourcecode.swift; path = VideoTableViewCell.swift; sourceTree = "<group>"; };
		84C10B2D2336A0F700146547 /* Video.swift */ = {isa = PBXFileReference; lastKnownFileType = sourcecode.swift; path = Video.swift; sourceTree = "<group>"; };
		84C10B312336A10000146547 /* doubleChopKneePulls-clip.mp4 */ = {isa = PBXFileReference; lastKnownFileType = file; path = "doubleChopKneePulls-clip.mp4"; sourceTree = "<group>"; };
		84C10B322336A10000146547 /* alternatingLunges-clip.mp4 */ = {isa = PBXFileReference; lastKnownFileType = file; path = "alternatingLunges-clip.mp4"; sourceTree = "<group>"; };
		84C10B332336A10000146547 /* armCircles-clip.mp4 */ = {isa = PBXFileReference; lastKnownFileType = file; path = "armCircles-clip.mp4"; sourceTree = "<group>"; };
		84C10B342336A10000146547 /* InnerTightLift-clip.mp4 */ = {isa = PBXFileReference; lastKnownFileType = file; path = "InnerTightLift-clip.mp4"; sourceTree = "<group>"; };
		84C10B352336A10000146547 /* stepsAndPulls-clip.mp4 */ = {isa = PBXFileReference; lastKnownFileType = file; path = "stepsAndPulls-clip.mp4"; sourceTree = "<group>"; };
		84C10B372336A10000146547 /* alternatingLunges.mp4 */ = {isa = PBXFileReference; lastKnownFileType = file; path = alternatingLunges.mp4; sourceTree = "<group>"; };
		84C10B382336A10000146547 /* InnerTightLift.mp4 */ = {isa = PBXFileReference; lastKnownFileType = file; path = InnerTightLift.mp4; sourceTree = "<group>"; };
		84C10B392336A10000146547 /* stepsAndPulls.mp4 */ = {isa = PBXFileReference; lastKnownFileType = file; path = stepsAndPulls.mp4; sourceTree = "<group>"; };
		84C10B3A2336A10000146547 /* doubleChopKneePulls.mp4 */ = {isa = PBXFileReference; lastKnownFileType = file; path = doubleChopKneePulls.mp4; sourceTree = "<group>"; };
		84C10B3B2336A10000146547 /* armCircles.mp4 */ = {isa = PBXFileReference; lastKnownFileType = file; path = armCircles.mp4; sourceTree = "<group>"; };
		84C10B3D2336A10000146547 /* armCircles.png */ = {isa = PBXFileReference; lastKnownFileType = image.png; path = armCircles.png; sourceTree = "<group>"; };
		84C10B3E2336A10000146547 /* doubleChopKneePulls.png */ = {isa = PBXFileReference; lastKnownFileType = image.png; path = doubleChopKneePulls.png; sourceTree = "<group>"; };
		84C10B3F2336A10000146547 /* InnerTightLift.png */ = {isa = PBXFileReference; lastKnownFileType = image.png; path = InnerTightLift.png; sourceTree = "<group>"; };
		84C10B402336A10000146547 /* alternatingLunges.png */ = {isa = PBXFileReference; lastKnownFileType = image.png; path = alternatingLunges.png; sourceTree = "<group>"; };
		84C10B412336A10000146547 /* stepsAndPulls.png */ = {isa = PBXFileReference; lastKnownFileType = image.png; path = stepsAndPulls.png; sourceTree = "<group>"; };
/* End PBXFileReference section */

/* Begin PBXFrameworksBuildPhase section */
		84C10B0D2336994E00146547 /* Frameworks */ = {
			isa = PBXFrameworksBuildPhase;
			buildActionMask = 2147483647;
			files = (
			);
			runOnlyForDeploymentPostprocessing = 0;
		};
/* End PBXFrameworksBuildPhase section */

/* Begin PBXGroup section */
		84C10B072336994E00146547 = {
			isa = PBXGroup;
			children = (
				84C10B122336994E00146547 /* workoutapp */,
				84C10B112336994E00146547 /* Products */,
			);
			sourceTree = "<group>";
		};
		84C10B112336994E00146547 /* Products */ = {
			isa = PBXGroup;
			children = (
				84C10B102336994E00146547 /* workoutapp.app */,
			);
			name = Products;
			sourceTree = "<group>";
		};
		84C10B122336994E00146547 /* workoutapp */ = {
			isa = PBXGroup;
			children = (
				84C10B2F2336A10000146547 /* Local Videos */,
				840704882336E4E900961B1E /* SceneDelegate.swift */,
				84C10B132336994E00146547 /* AppDelegate.swift */,
				84C10B172336994E00146547 /* ViewController.swift */,
				84C10B192336994E00146547 /* Main.storyboard */,
				84C10B1C2336995000146547 /* Assets.xcassets */,
				84C10B1E2336995000146547 /* LaunchScreen.storyboard */,
				84C10B212336995000146547 /* Info.plist */,
				84C10B2723369FB300146547 /* NavViewController.swift */,
				84C10B2923369FD100146547 /* TableViewController.swift */,
				84C10B2B23369FEB00146547 /* VideoTableViewCell.swift */,
				84C10B2D2336A0F700146547 /* Video.swift */,
			);
			path = workoutapp;
			sourceTree = "<group>";
		};
		84C10B2F2336A10000146547 /* Local Videos */ = {
			isa = PBXGroup;
			children = (
				84C10B302336A10000146547 /* TravelVidsClips */,
				84C10B362336A10000146547 /* TravelVids */,
				84C10B3C2336A10000146547 /* Thumbnails */,
			);
			path = "Local Videos";
			sourceTree = "<group>";
		};
		84C10B302336A10000146547 /* TravelVidsClips */ = {
			isa = PBXGroup;
			children = (
				84C10B312336A10000146547 /* doubleChopKneePulls-clip.mp4 */,
				84C10B322336A10000146547 /* alternatingLunges-clip.mp4 */,
				84C10B332336A10000146547 /* armCircles-clip.mp4 */,
				84C10B342336A10000146547 /* InnerTightLift-clip.mp4 */,
				84C10B352336A10000146547 /* stepsAndPulls-clip.mp4 */,
			);
			path = TravelVidsClips;
			sourceTree = "<group>";
		};
		84C10B362336A10000146547 /* TravelVids */ = {
			isa = PBXGroup;
			children = (
				84C10B372336A10000146547 /* alternatingLunges.mp4 */,
				84C10B382336A10000146547 /* InnerTightLift.mp4 */,
				84C10B392336A10000146547 /* stepsAndPulls.mp4 */,
				84C10B3A2336A10000146547 /* doubleChopKneePulls.mp4 */,
				84C10B3B2336A10000146547 /* armCircles.mp4 */,
			);
			path = TravelVids;
			sourceTree = "<group>";
		};
		84C10B3C2336A10000146547 /* Thumbnails */ = {
			isa = PBXGroup;
			children = (
				84C10B3D2336A10000146547 /* armCircles.png */,
				84C10B3E2336A10000146547 /* doubleChopKneePulls.png */,
				84C10B3F2336A10000146547 /* InnerTightLift.png */,
				84C10B402336A10000146547 /* alternatingLunges.png */,
				84C10B412336A10000146547 /* stepsAndPulls.png */,
			);
			path = Thumbnails;
			sourceTree = "<group>";
		};
/* End PBXGroup section */

/* Begin PBXNativeTarget section */
		84C10B0F2336994E00146547 /* workoutapp */ = {
			isa = PBXNativeTarget;
			buildConfigurationList = 84C10B242336995000146547 /* Build configuration list for PBXNativeTarget "workoutapp" */;
			buildPhases = (
				84C10B0C2336994E00146547 /* Sources */,
				84C10B0D2336994E00146547 /* Frameworks */,
				84C10B0E2336994E00146547 /* Resources */,
			);
			buildRules = (
			);
			dependencies = (
			);
			name = workoutapp;
			productName = workoutapp;
			productReference = 84C10B102336994E00146547 /* workoutapp.app */;
			productType = "com.apple.product-type.application";
		};
/* End PBXNativeTarget section */

/* Begin PBXProject section */
		84C10B082336994E00146547 /* Project object */ = {
			isa = PBXProject;
			attributes = {
				LastSwiftUpdateCheck = 1100;
				LastUpgradeCheck = 1100;
				ORGANIZATIONNAME = Negar;
				TargetAttributes = {
					84C10B0F2336994E00146547 = {
						CreatedOnToolsVersion = 11.0;
					};
				};
			};
			buildConfigurationList = 84C10B0B2336994E00146547 /* Build configuration list for PBXProject "workoutapp" */;
			compatibilityVersion = "Xcode 9.3";
			developmentRegion = en;
			hasScannedForEncodings = 0;
			knownRegions = (
				en,
				Base,
			);
			mainGroup = 84C10B072336994E00146547;
			productRefGroup = 84C10B112336994E00146547 /* Products */;
			projectDirPath = "";
			projectRoot = "";
			targets = (
				84C10B0F2336994E00146547 /* workoutapp */,
			);
		};
/* End PBXProject section */

/* Begin PBXResourcesBuildPhase section */
		84C10B0E2336994E00146547 /* Resources */ = {
			isa = PBXResourcesBuildPhase;
			buildActionMask = 2147483647;
			files = (
				84C10B4E2336A10000146547 /* InnerTightLift.png in Resources */,
				84C10B482336A10000146547 /* InnerTightLift.mp4 in Resources */,
				84C10B442336A10000146547 /* armCircles-clip.mp4 in Resources */,
				84C10B4A2336A10000146547 /* doubleChopKneePulls.mp4 in Resources */,
				84C10B422336A10000146547 /* doubleChopKneePulls-clip.mp4 in Resources */,
				84C10B492336A10000146547 /* stepsAndPulls.mp4 in Resources */,
				84C10B472336A10000146547 /* alternatingLunges.mp4 in Resources */,
				84C10B4F2336A10000146547 /* alternatingLunges.png in Resources */,
				84C10B502336A10000146547 /* stepsAndPulls.png in Resources */,
				84C10B202336995000146547 /* LaunchScreen.storyboard in Resources */,
				84C10B1D2336995000146547 /* Assets.xcassets in Resources */,
				84C10B462336A10000146547 /* stepsAndPulls-clip.mp4 in Resources */,
				84C10B4B2336A10000146547 /* armCircles.mp4 in Resources */,
				84C10B4C2336A10000146547 /* armCircles.png in Resources */,
				84C10B4D2336A10000146547 /* doubleChopKneePulls.png in Resources */,
				84C10B1B2336994E00146547 /* Main.storyboard in Resources */,
				84C10B452336A10000146547 /* InnerTightLift-clip.mp4 in Resources */,
				84C10B432336A10000146547 /* alternatingLunges-clip.mp4 in Resources */,
			);
			runOnlyForDeploymentPostprocessing = 0;
		};
/* End PBXResourcesBuildPhase section */

/* Begin PBXSourcesBuildPhase section */
		84C10B0C2336994E00146547 /* Sources */ = {
			isa = PBXSourcesBuildPhase;
			buildActionMask = 2147483647;
			files = (
				84C10B182336994E00146547 /* ViewController.swift in Sources */,
				840704892336E4E900961B1E /* SceneDelegate.swift in Sources */,
				84C10B142336994E00146547 /* AppDelegate.swift in Sources */,
				84C10B2823369FB300146547 /* NavViewController.swift in Sources */,
				84C10B2C23369FEB00146547 /* VideoTableViewCell.swift in Sources */,
				84C10B2A23369FD100146547 /* TableViewController.swift in Sources */,
				84C10B2E2336A0F700146547 /* Video.swift in Sources */,
			);
			runOnlyForDeploymentPostprocessing = 0;
		};
/* End PBXSourcesBuildPhase section */

/* Begin PBXVariantGroup section */
		84C10B192336994E00146547 /* Main.storyboard */ = {
			isa = PBXVariantGroup;
			children = (
				84C10B1A2336994E00146547 /* Base */,
			);
			name = Main.storyboard;
			sourceTree = "<group>";
		};
		84C10B1E2336995000146547 /* LaunchScreen.storyboard */ = {
			isa = PBXVariantGroup;
			children = (
				84C10B1F2336995000146547 /* Base */,
			);
			name = LaunchScreen.storyboard;
			sourceTree = "<group>";
		};
/* End PBXVariantGroup section */

/* Begin XCBuildConfiguration section */
		84C10B222336995000146547 /* Debug */ = {
			isa = XCBuildConfiguration;
			buildSettings = {
				ALWAYS_SEARCH_USER_PATHS = NO;
				CLANG_ANALYZER_NONNULL = YES;
				CLANG_ANALYZER_NUMBER_OBJECT_CONVERSION = YES_AGGRESSIVE;
				CLANG_CXX_LANGUAGE_STANDARD = "gnu++14";
				CLANG_CXX_LIBRARY = "libc++";
				CLANG_ENABLE_MODULES = YES;
				CLANG_ENABLE_OBJC_ARC = YES;
				CLANG_ENABLE_OBJC_WEAK = YES;
				CLANG_WARN_BLOCK_CAPTURE_AUTORELEASING = YES;
				CLANG_WARN_BOOL_CONVERSION = YES;
				CLANG_WARN_COMMA = YES;
				CLANG_WARN_CONSTANT_CONVERSION = YES;
				CLANG_WARN_DEPRECATED_OBJC_IMPLEMENTATIONS = YES;
				CLANG_WARN_DIRECT_OBJC_ISA_USAGE = YES_ERROR;
				CLANG_WARN_DOCUMENTATION_COMMENTS = YES;
				CLANG_WARN_EMPTY_BODY = YES;
				CLANG_WARN_ENUM_CONVERSION = YES;
				CLANG_WARN_INFINITE_RECURSION = YES;
				CLANG_WARN_INT_CONVERSION = YES;
				CLANG_WARN_NON_LITERAL_NULL_CONVERSION = YES;
				CLANG_WARN_OBJC_IMPLICIT_RETAIN_SELF = YES;
				CLANG_WARN_OBJC_LITERAL_CONVERSION = YES;
				CLANG_WARN_OBJC_ROOT_CLASS = YES_ERROR;
				CLANG_WARN_RANGE_LOOP_ANALYSIS = YES;
				CLANG_WARN_STRICT_PROTOTYPES = YES;
				CLANG_WARN_SUSPICIOUS_MOVE = YES;
				CLANG_WARN_UNGUARDED_AVAILABILITY = YES_AGGRESSIVE;
				CLANG_WARN_UNREACHABLE_CODE = YES;
				CLANG_WARN__DUPLICATE_METHOD_MATCH = YES;
				COPY_PHASE_STRIP = NO;
				DEBUG_INFORMATION_FORMAT = dwarf;
				ENABLE_STRICT_OBJC_MSGSEND = YES;
				ENABLE_TESTABILITY = YES;
				GCC_C_LANGUAGE_STANDARD = gnu11;
				GCC_DYNAMIC_NO_PIC = NO;
				GCC_NO_COMMON_BLOCKS = YES;
				GCC_OPTIMIZATION_LEVEL = 0;
				GCC_PREPROCESSOR_DEFINITIONS = (
					"DEBUG=1",
					"$(inherited)",
				);
				GCC_WARN_64_TO_32_BIT_CONVERSION = YES;
				GCC_WARN_ABOUT_RETURN_TYPE = YES_ERROR;
				GCC_WARN_UNDECLARED_SELECTOR = YES;
				GCC_WARN_UNINITIALIZED_AUTOS = YES_AGGRESSIVE;
				GCC_WARN_UNUSED_FUNCTION = YES;
				GCC_WARN_UNUSED_VARIABLE = YES;
				IPHONEOS_DEPLOYMENT_TARGET = 13.0;
				MTL_ENABLE_DEBUG_INFO = INCLUDE_SOURCE;
				MTL_FAST_MATH = YES;
				ONLY_ACTIVE_ARCH = YES;
				SDKROOT = iphoneos;
				SWIFT_ACTIVE_COMPILATION_CONDITIONS = DEBUG;
				SWIFT_OPTIMIZATION_LEVEL = "-Onone";
			};
			name = Debug;
		};
		84C10B232336995000146547 /* Release */ = {
			isa = XCBuildConfiguration;
			buildSettings = {
				ALWAYS_SEARCH_USER_PATHS = NO;
				CLANG_ANALYZER_NONNULL = YES;
				CLANG_ANALYZER_NUMBER_OBJECT_CONVERSION = YES_AGGRESSIVE;
				CLANG_CXX_LANGUAGE_STANDARD = "gnu++14";
				CLANG_CXX_LIBRARY = "libc++";
				CLANG_ENABLE_MODULES = YES;
				CLANG_ENABLE_OBJC_ARC = YES;
				CLANG_ENABLE_OBJC_WEAK = YES;
				CLANG_WARN_BLOCK_CAPTURE_AUTORELEASING = YES;
				CLANG_WARN_BOOL_CONVERSION = YES;
				CLANG_WARN_COMMA = YES;
				CLANG_WARN_CONSTANT_CONVERSION = YES;
				CLANG_WARN_DEPRECATED_OBJC_IMPLEMENTATIONS = YES;
				CLANG_WARN_DIRECT_OBJC_ISA_USAGE = YES_ERROR;
				CLANG_WARN_DOCUMENTATION_COMMENTS = YES;
				CLANG_WARN_EMPTY_BODY = YES;
				CLANG_WARN_ENUM_CONVERSION = YES;
				CLANG_WARN_INFINITE_RECURSION = YES;
				CLANG_WARN_INT_CONVERSION = YES;
				CLANG_WARN_NON_LITERAL_NULL_CONVERSION = YES;
				CLANG_WARN_OBJC_IMPLICIT_RETAIN_SELF = YES;
				CLANG_WARN_OBJC_LITERAL_CONVERSION = YES;
				CLANG_WARN_OBJC_ROOT_CLASS = YES_ERROR;
				CLANG_WARN_RANGE_LOOP_ANALYSIS = YES;
				CLANG_WARN_STRICT_PROTOTYPES = YES;
				CLANG_WARN_SUSPICIOUS_MOVE = YES;
				CLANG_WARN_UNGUARDED_AVAILABILITY = YES_AGGRESSIVE;
				CLANG_WARN_UNREACHABLE_CODE = YES;
				CLANG_WARN__DUPLICATE_METHOD_MATCH = YES;
				COPY_PHASE_STRIP = NO;
				DEBUG_INFORMATION_FORMAT = "dwarf-with-dsym";
				ENABLE_NS_ASSERTIONS = NO;
				ENABLE_STRICT_OBJC_MSGSEND = YES;
				GCC_C_LANGUAGE_STANDARD = gnu11;
				GCC_NO_COMMON_BLOCKS = YES;
				GCC_WARN_64_TO_32_BIT_CONVERSION = YES;
				GCC_WARN_ABOUT_RETURN_TYPE = YES_ERROR;
				GCC_WARN_UNDECLARED_SELECTOR = YES;
				GCC_WARN_UNINITIALIZED_AUTOS = YES_AGGRESSIVE;
				GCC_WARN_UNUSED_FUNCTION = YES;
				GCC_WARN_UNUSED_VARIABLE = YES;
				IPHONEOS_DEPLOYMENT_TARGET = 13.0;
				MTL_ENABLE_DEBUG_INFO = NO;
				MTL_FAST_MATH = YES;
				SDKROOT = iphoneos;
				SWIFT_COMPILATION_MODE = wholemodule;
				SWIFT_OPTIMIZATION_LEVEL = "-O";
				VALIDATE_PRODUCT = YES;
			};
			name = Release;
		};
		84C10B252336995000146547 /* Debug */ = {
			isa = XCBuildConfiguration;
			buildSettings = {
				ASSETCATALOG_COMPILER_APPICON_NAME = AppIcon;
				CODE_SIGN_STYLE = Automatic;
				DEVELOPMENT_TEAM = 3BH49U8WFP;
				INFOPLIST_FILE = workoutapp/Info.plist;
				IPHONEOS_DEPLOYMENT_TARGET = 13.0;
				LD_RUNPATH_SEARCH_PATHS = (
					"$(inherited)",
					"@executable_path/Frameworks",
				);
				PRODUCT_BUNDLE_IDENTIFIER = com.negar.workoutapp;
				PRODUCT_NAME = "$(TARGET_NAME)";
				SWIFT_VERSION = 5.0;
				TARGETED_DEVICE_FAMILY = "1,2";
			};
			name = Debug;
		};
		84C10B262336995000146547 /* Release */ = {
			isa = XCBuildConfiguration;
			buildSettings = {
				ASSETCATALOG_COMPILER_APPICON_NAME = AppIcon;
				CODE_SIGN_STYLE = Automatic;
				DEVELOPMENT_TEAM = 3BH49U8WFP;
				INFOPLIST_FILE = workoutapp/Info.plist;
				IPHONEOS_DEPLOYMENT_TARGET = 13.0;
				LD_RUNPATH_SEARCH_PATHS = (
					"$(inherited)",
					"@executable_path/Frameworks",
				);
				PRODUCT_BUNDLE_IDENTIFIER = com.negar.workoutapp;
				PRODUCT_NAME = "$(TARGET_NAME)";
				SWIFT_VERSION = 5.0;
				TARGETED_DEVICE_FAMILY = "1,2";
			};
			name = Release;
		};
/* End XCBuildConfiguration section */

/* Begin XCConfigurationList section */
		84C10B0B2336994E00146547 /* Build configuration list for PBXProject "workoutapp" */ = {
			isa = XCConfigurationList;
			buildConfigurations = (
				84C10B222336995000146547 /* Debug */,
				84C10B232336995000146547 /* Release */,
			);
			defaultConfigurationIsVisible = 0;
			defaultConfigurationName = Release;
		};
		84C10B242336995000146547 /* Build configuration list for PBXNativeTarget "workoutapp" */ = {
			isa = XCConfigurationList;
			buildConfigurations = (
				84C10B252336995000146547 /* Debug */,
				84C10B262336995000146547 /* Release */,
			);
			defaultConfigurationIsVisible = 0;
			defaultConfigurationName = Release;
		};
/* End XCConfigurationList section */
	};
	rootObject = 84C10B082336994E00146547 /* Project object */;
}
